// !$*UTF8*$!
{
	archiveVersion = 1;
	classes = {
	};
	objectVersion = 46;
	objects = {

/* Begin PBXBuildFile section */
		4628005ACC9E253B585B46E1 /* Pods_PhotoUploadVideoApp.framework in Frameworks */ = {isa = PBXBuildFile; fileRef = B9E50443006ACC84B4B3C9C8 /* Pods_PhotoUploadVideoApp.framework */; };
		7C0FBF511EEFAAA900575DBF /* AppDelegate.swift in Sources */ = {isa = PBXBuildFile; fileRef = 7C0FBF501EEFAAA900575DBF /* AppDelegate.swift */; };
		7C0FBF531EEFAAA900575DBF /* ViewController.swift in Sources */ = {isa = PBXBuildFile; fileRef = 7C0FBF521EEFAAA900575DBF /* ViewController.swift */; };
		7C0FBF561EEFAAA900575DBF /* Main.storyboard in Resources */ = {isa = PBXBuildFile; fileRef = 7C0FBF541EEFAAA900575DBF /* Main.storyboard */; };
		7C0FBF581EEFAAA900575DBF /* Assets.xcassets in Resources */ = {isa = PBXBuildFile; fileRef = 7C0FBF571EEFAAA900575DBF /* Assets.xcassets */; };
		7C0FBF5B1EEFAAA900575DBF /* LaunchScreen.storyboard in Resources */ = {isa = PBXBuildFile; fileRef = 7C0FBF591EEFAAA900575DBF /* LaunchScreen.storyboard */; };
/* End PBXBuildFile section */

/* Begin PBXFileReference section */
		5F43B428783A9396A7CEC76E /* Pods-PhotoUploadVideoApp.debug.xcconfig */ = {isa = PBXFileReference; includeInIndex = 1; lastKnownFileType = text.xcconfig; name = "Pods-PhotoUploadVideoApp.debug.xcconfig"; path = "Pods/Target Support Files/Pods-PhotoUploadVideoApp/Pods-PhotoUploadVideoApp.debug.xcconfig"; sourceTree = "<group>"; };
		7A9ABF8AE232DDF7CB627D83 /* Pods-PhotoUploadVideoApp.release.xcconfig */ = {isa = PBXFileReference; includeInIndex = 1; lastKnownFileType = text.xcconfig; name = "Pods-PhotoUploadVideoApp.release.xcconfig"; path = "Pods/Target Support Files/Pods-PhotoUploadVideoApp/Pods-PhotoUploadVideoApp.release.xcconfig"; sourceTree = "<group>"; };
		7C0FBF4D1EEFAAA900575DBF /* PhotoUploadVideoApp.app */ = {isa = PBXFileReference; explicitFileType = wrapper.application; includeInIndex = 0; path = PhotoUploadVideoApp.app; sourceTree = BUILT_PRODUCTS_DIR; };
		7C0FBF501EEFAAA900575DBF /* AppDelegate.swift */ = {isa = PBXFileReference; lastKnownFileType = sourcecode.swift; path = AppDelegate.swift; sourceTree = "<group>"; };
		7C0FBF521EEFAAA900575DBF /* ViewController.swift */ = {isa = PBXFileReference; lastKnownFileType = sourcecode.swift; path = ViewController.swift; sourceTree = "<group>"; };
		7C0FBF551EEFAAA900575DBF /* Base */ = {isa = PBXFileReference; lastKnownFileType = file.storyboard; name = Base; path = Base.lproj/Main.storyboard; sourceTree = "<group>"; };
		7C0FBF571EEFAAA900575DBF /* Assets.xcassets */ = {isa = PBXFileReference; lastKnownFileType = folder.assetcatalog; path = Assets.xcassets; sourceTree = "<group>"; };
		7C0FBF5A1EEFAAA900575DBF /* Base */ = {isa = PBXFileReference; lastKnownFileType = file.storyboard; name = Base; path = Base.lproj/LaunchScreen.storyboard; sourceTree = "<group>"; };
		7C0FBF5C1EEFAAA900575DBF /* Info.plist */ = {isa = PBXFileReference; lastKnownFileType = text.plist.xml; path = Info.plist; sourceTree = "<group>"; };
		B9E50443006ACC84B4B3C9C8 /* Pods_PhotoUploadVideoApp.framework */ = {isa = PBXFileReference; explicitFileType = wrapper.framework; includeInIndex = 0; path = Pods_PhotoUploadVideoApp.framework; sourceTree = BUILT_PRODUCTS_DIR; };
/* End PBXFileReference section */

/* Begin PBXFrameworksBuildPhase section */
		7C0FBF4A1EEFAAA900575DBF /* Frameworks */ = {
			isa = PBXFrameworksBuildPhase;
			buildActionMask = 2147483647;
			files = (
				4628005ACC9E253B585B46E1 /* Pods_PhotoUploadVideoApp.framework in Frameworks */,
			);
			runOnlyForDeploymentPostprocessing = 0;
		};
/* End PBXFrameworksBuildPhase section */

/* Begin PBXGroup section */
		6397CE6CD0C8E829C2158A9A /* Frameworks */ = {
			isa = PBXGroup;
			children = (
				B9E50443006ACC84B4B3C9C8 /* Pods_PhotoUploadVideoApp.framework */,
			);
			name = Frameworks;
			sourceTree = "<group>";
		};
		7C0FBF441EEFAAA900575DBF = {
			isa = PBXGroup;
			children = (
				7C0FBF4F1EEFAAA900575DBF /* PhotoUploadVideoApp */,
				7C0FBF4E1EEFAAA900575DBF /* Products */,
				B2EAB8EEE1F823BF4017858D /* Pods */,
				6397CE6CD0C8E829C2158A9A /* Frameworks */,
			);
			sourceTree = "<group>";
		};
		7C0FBF4E1EEFAAA900575DBF /* Products */ = {
			isa = PBXGroup;
			children = (
				7C0FBF4D1EEFAAA900575DBF /* PhotoUploadVideoApp.app */,
			);
			name = Products;
			sourceTree = "<group>";
		};
		7C0FBF4F1EEFAAA900575DBF /* PhotoUploadVideoApp */ = {
			isa = PBXGroup;
			children = (
				7C0FBF501EEFAAA900575DBF /* AppDelegate.swift */,
				7C0FBF521EEFAAA900575DBF /* ViewController.swift */,
				7C0FBF541EEFAAA900575DBF /* Main.storyboard */,
				7C0FBF571EEFAAA900575DBF /* Assets.xcassets */,
				7C0FBF591EEFAAA900575DBF /* LaunchScreen.storyboard */,
				7C0FBF5C1EEFAAA900575DBF /* Info.plist */,
			);
			path = PhotoUploadVideoApp;
			sourceTree = "<group>";
		};
		B2EAB8EEE1F823BF4017858D /* Pods */ = {
			isa = PBXGroup;
			children = (
				5F43B428783A9396A7CEC76E /* Pods-PhotoUploadVideoApp.debug.xcconfig */,
				7A9ABF8AE232DDF7CB627D83 /* Pods-PhotoUploadVideoApp.release.xcconfig */,
			);
			name = Pods;
			sourceTree = "<group>";
		};
/* End PBXGroup section */

/* Begin PBXNativeTarget section */
		7C0FBF4C1EEFAAA900575DBF /* PhotoUploadVideoApp */ = {
			isa = PBXNativeTarget;
			buildConfigurationList = 7C0FBF5F1EEFAAA900575DBF /* Build configuration list for PBXNativeTarget "PhotoUploadVideoApp" */;
			buildPhases = (
				FE1391DC73B418AA58ACFAD8 /* [CP] Check Pods Manifest.lock */,
				7C0FBF491EEFAAA900575DBF /* Sources */,
				7C0FBF4A1EEFAAA900575DBF /* Frameworks */,
				7C0FBF4B1EEFAAA900575DBF /* Resources */,
				83DF1AA9006D7033B29C4E07 /* [CP] Embed Pods Frameworks */,
				8E98650E38A49E9CBCE8CC1C /* [CP] Copy Pods Resources */,
			);
			buildRules = (
			);
			dependencies = (
			);
			name = PhotoUploadVideoApp;
			productName = PhotoUploadVideoApp;
			productReference = 7C0FBF4D1EEFAAA900575DBF /* PhotoUploadVideoApp.app */;
			productType = "com.apple.product-type.application";
		};
/* End PBXNativeTarget section */

/* Begin PBXProject section */
		7C0FBF451EEFAAA900575DBF /* Project object */ = {
			isa = PBXProject;
			attributes = {
				LastSwiftUpdateCheck = 0820;
				LastUpgradeCheck = 0820;
				ORGANIZATIONNAME = "SAI APPS";
				TargetAttributes = {
					7C0FBF4C1EEFAAA900575DBF = {
						CreatedOnToolsVersion = 8.2.1;
						DevelopmentTeam = 8L2H5BWYGR;
						ProvisioningStyle = Automatic;
					};
				};
			};
			buildConfigurationList = 7C0FBF481EEFAAA900575DBF /* Build configuration list for PBXProject "PhotoUploadVideoApp" */;
			compatibilityVersion = "Xcode 3.2";
			developmentRegion = English;
			hasScannedForEncodings = 0;
			knownRegions = (
				en,
				Base,
			);
			mainGroup = 7C0FBF441EEFAAA900575DBF;
			productRefGroup = 7C0FBF4E1EEFAAA900575DBF /* Products */;
			projectDirPath = "";
			projectRoot = "";
			targets = (
				7C0FBF4C1EEFAAA900575DBF /* PhotoUploadVideoApp */,
			);
		};
/* End PBXProject section */

/* Begin PBXResourcesBuildPhase section */
		7C0FBF4B1EEFAAA900575DBF /* Resources */ = {
			isa = PBXResourcesBuildPhase;
			buildActionMask = 2147483647;
			files = (
				7C0FBF5B1EEFAAA900575DBF /* LaunchScreen.storyboard in Resources */,
				7C0FBF581EEFAAA900575DBF /* Assets.xcassets in Resources */,
				7C0FBF561EEFAAA900575DBF /* Main.storyboard in Resources */,
			);
			runOnlyForDeploymentPostprocessing = 0;
		};
/* End PBXResourcesBuildPhase section */

/* Begin PBXShellScriptBuildPhase section */
		83DF1AA9006D7033B29C4E07 /* [CP] Embed Pods Frameworks */ = {
			isa = PBXShellScriptBuildPhase;
			buildActionMask = 2147483647;
			files = (
			);
			inputPaths = (
			);
			name = "[CP] Embed Pods Frameworks";
			outputPaths = (
			);
			runOnlyForDeploymentPostprocessing = 0;
			shellPath = /bin/sh;
			shellScript = "\"${SRCROOT}/Pods/Target Support Files/Pods-PhotoUploadVideoApp/Pods-PhotoUploadVideoApp-frameworks.sh\"\n";
			showEnvVarsInLog = 0;
		};
		8E98650E38A49E9CBCE8CC1C /* [CP] Copy Pods Resources */ = {
			isa = PBXShellScriptBuildPhase;
			buildActionMask = 2147483647;
			files = (
			);
			inputPaths = (
			);
			name = "[CP] Copy Pods Resources";
			outputPaths = (
			);
			runOnlyForDeploymentPostprocessing = 0;
			shellPath = /bin/sh;
			shellScript = "\"${SRCROOT}/Pods/Target Support Files/Pods-PhotoUploadVideoApp/Pods-PhotoUploadVideoApp-resources.sh\"\n";
			showEnvVarsInLog = 0;
		};
		FE1391DC73B418AA58ACFAD8 /* [CP] Check Pods Manifest.lock */ = {
			isa = PBXShellScriptBuildPhase;
			buildActionMask = 2147483647;
			files = (
			);
			inputPaths = (
			);
			name = "[CP] Check Pods Manifest.lock";
			outputPaths = (
			);
			runOnlyForDeploymentPostprocessing = 0;
			shellPath = /bin/sh;
			shellScript = "diff \"${PODS_ROOT}/../Podfile.lock\" \"${PODS_ROOT}/Manifest.lock\" > /dev/null\nif [ $? != 0 ] ; then\n    # print error to STDERR\n    echo \"error: The sandbox is not in sync with the Podfile.lock. Run 'pod install' or update your CocoaPods installation.\" >&2\n    exit 1\nfi\n";
			showEnvVarsInLog = 0;
		};
/* End PBXShellScriptBuildPhase section */

/* Begin PBXSourcesBuildPhase section */
		7C0FBF491EEFAAA900575DBF /* Sources */ = {
			isa = PBXSourcesBuildPhase;
			buildActionMask = 2147483647;
			files = (
				7C0FBF531EEFAAA900575DBF /* ViewController.swift in Sources */,
				7C0FBF511EEFAAA900575DBF /* AppDelegate.swift in Sources */,
			);
			runOnlyForDeploymentPostprocessing = 0;
		};
/* End PBXSourcesBuildPhase section */

/* Begin PBXVariantGroup section */
		7C0FBF541EEFAAA900575DBF /* Main.storyboard */ = {
			isa = PBXVariantGroup;
			children = (
				7C0FBF551EEFAAA900575DBF /* Base */,
			);
			name = Main.storyboard;
			sourceTree = "<group>";
		};
		7C0FBF591EEFAAA900575DBF /* LaunchScreen.storyboard */ = {
			isa = PBXVariantGroup;
			children = (
				7C0FBF5A1EEFAAA900575DBF /* Base */,
			);
			name = LaunchScreen.storyboard;
			sourceTree = "<group>";
		};
/* End PBXVariantGroup section */

/* Begin XCBuildConfiguration section */
		7C0FBF5D1EEFAAA900575DBF /* Debug */ = {
			isa = XCBuildConfiguration;
			buildSettings = {
				ALWAYS_SEARCH_USER_PATHS = NO;
				CLANG_ANALYZER_NONNULL = YES;
				CLANG_CXX_LANGUAGE_STANDARD = "gnu++0x";
				CLANG_CXX_LIBRARY = "libc++";
				CLANG_ENABLE_MODULES = YES;
				CLANG_ENABLE_OBJC_ARC = YES;
				CLANG_WARN_BOOL_CONVERSION = YES;
				CLANG_WARN_CONSTANT_CONVERSION = YES;
				CLANG_WARN_DIRECT_OBJC_ISA_USAGE = YES_ERROR;
				CLANG_WARN_DOCUMENTATION_COMMENTS = YES;
				CLANG_WARN_EMPTY_BODY = YES;
				CLANG_WARN_ENUM_CONVERSION = YES;
				CLANG_WARN_INFINITE_RECURSION = YES;
				CLANG_WARN_INT_CONVERSION = YES;
				CLANG_WARN_OBJC_ROOT_CLASS = YES_ERROR;
				CLANG_WARN_SUSPICIOUS_MOVE = YES;
				CLANG_WARN_UNREACHABLE_CODE = YES;
				CLANG_WARN__DUPLICATE_METHOD_MATCH = YES;
				"CODE_SIGN_IDENTITY[sdk=iphoneos*]" = "iPhone Developer";
				COPY_PHASE_STRIP = NO;
				DEBUG_INFORMATION_FORMAT = dwarf;
				ENABLE_STRICT_OBJC_MSGSEND = YES;
				ENABLE_TESTABILITY = YES;
				GCC_C_LANGUAGE_STANDARD = gnu99;
				GCC_DYNAMIC_NO_PIC = NO;
				GCC_NO_COMMON_BLOCKS = YES;
				GCC_OPTIMIZATION_LEVEL = 0;
				GCC_PREPROCESSOR_DEFINITIONS = (
					"DEBUG=1",
					"$(inherited)",
				);
				GCC_WARN_64_TO_32_BIT_CONVERSION = YES;
				GCC_WARN_ABOUT_RETURN_TYPE = YES_ERROR;
				GCC_WARN_UNDECLARED_SELECTOR = YES;
				GCC_WARN_UNINITIALIZED_AUTOS = YES_AGGRESSIVE;
				GCC_WARN_UNUSED_FUNCTION = YES;
				GCC_WARN_UNUSED_VARIABLE = YES;
				IPHONEOS_DEPLOYMENT_TARGET = 10.2;
				MTL_ENABLE_DEBUG_INFO = YES;
				ONLY_ACTIVE_ARCH = YES;
				SDKROOT = iphoneos;
				SWIFT_ACTIVE_COMPILATION_CONDITIONS = DEBUG;
				SWIFT_OPTIMIZATION_LEVEL = "-Onone";
				TARGETED_DEVICE_FAMILY = "1,2";
			};
			name = Debug;
		};
		7C0FBF5E1EEFAAA900575DBF /* Release */ = {
			isa = XCBuildConfiguration;
			buildSettings = {
				ALWAYS_SEARCH_USER_PATHS = NO;
				CLANG_ANALYZER_NONNULL = YES;
				CLANG_CXX_LANGUAGE_STANDARD = "gnu++0x";
				CLANG_CXX_LIBRARY = "libc++";
				CLANG_ENABLE_MODULES = YES;
				CLANG_ENABLE_OBJC_ARC = YES;
				CLANG_WARN_BOOL_CONVERSION = YES;
				CLANG_WARN_CONSTANT_CONVERSION = YES;
				CLANG_WARN_DIRECT_OBJC_ISA_USAGE = YES_ERROR;
				CLANG_WARN_DOCUMENTATION_COMMENTS = YES;
				CLANG_WARN_EMPTY_BODY = YES;
				CLANG_WARN_ENUM_CONVERSION = YES;
				CLANG_WARN_INFINITE_RECURSION = YES;
				CLANG_WARN_INT_CONVERSION = YES;
				CLANG_WARN_OBJC_ROOT_CLASS = YES_ERROR;
				CLANG_WARN_SUSPICIOUS_MOVE = YES;
				CLANG_WARN_UNREACHABLE_CODE = YES;
				CLANG_WARN__DUPLICATE_METHOD_MATCH = YES;
				"CODE_SIGN_IDENTITY[sdk=iphoneos*]" = "iPhone Developer";
				COPY_PHASE_STRIP = NO;
				DEBUG_INFORMATION_FORMAT = "dwarf-with-dsym";
				ENABLE_NS_ASSERTIONS = NO;
				ENABLE_STRICT_OBJC_MSGSEND = YES;
				GCC_C_LANGUAGE_STANDARD = gnu99;
				GCC_NO_COMMON_BLOCKS = YES;
				GCC_WARN_64_TO_32_BIT_CONVERSION = YES;
				GCC_WARN_ABOUT_RETURN_TYPE = YES_ERROR;
				GCC_WARN_UNDECLARED_SELECTOR = YES;
				GCC_WARN_UNINITIALIZED_AUTOS = YES_AGGRESSIVE;
				GCC_WARN_UNUSED_FUNCTION = YES;
				GCC_WARN_UNUSED_VARIABLE = YES;
				IPHONEOS_DEPLOYMENT_TARGET = 10.2;
				MTL_ENABLE_DEBUG_INFO = NO;
				SDKROOT = iphoneos;
				SWIFT_OPTIMIZATION_LEVEL = "-Owholemodule";
				TARGETED_DEVICE_FAMILY = "1,2";
				VALIDATE_PRODUCT = YES;
			};
			name = Release;
		};
		7C0FBF601EEFAAA900575DBF /* Debug */ = {
			isa = XCBuildConfiguration;
			baseConfigurationReference = 5F43B428783A9396A7CEC76E /* Pods-PhotoUploadVideoApp.debug.xcconfig */;
			buildSettings = {
				ASSETCATALOG_COMPILER_APPICON_NAME = AppIcon;
				DEVELOPMENT_TEAM = 8L2H5BWYGR;
				INFOPLIST_FILE = PhotoUploadVideoApp/Info.plist;
				LD_RUNPATH_SEARCH_PATHS = "$(inherited) @executable_path/Frameworks";
				PRODUCT_BUNDLE_IDENTIFIER = www.saiapps.PhotoUploadVideoApp;
				PRODUCT_NAME = "$(TARGET_NAME)";
				SWIFT_VERSION = 3.0;
			};
			name = Debug;
		};
		7C0FBF611EEFAAA900575DBF /* Release */ = {
			isa = XCBuildConfiguration;
			baseConfigurationReference = 7A9ABF8AE232DDF7CB627D83 /* Pods-PhotoUploadVideoApp.release.xcconfig */;
			buildSettings = {
				ASSETCATALOG_COMPILER_APPICON_NAME = AppIcon;
				DEVELOPMENT_TEAM = 8L2H5BWYGR;
				INFOPLIST_FILE = PhotoUploadVideoApp/Info.plist;
				LD_RUNPATH_SEARCH_PATHS = "$(inherited) @executable_path/Frameworks";
				PRODUCT_BUNDLE_IDENTIFIER = www.saiapps.PhotoUploadVideoApp;
				PRODUCT_NAME = "$(TARGET_NAME)";
				SWIFT_VERSION = 3.0;
			};
			name = Release;
		};
/* End XCBuildConfiguration section */

/* Begin XCConfigurationList section */
		7C0FBF481EEFAAA900575DBF /* Build configuration list for PBXProject "PhotoUploadVideoApp" */ = {
			isa = XCConfigurationList;
			buildConfigurations = (
				7C0FBF5D1EEFAAA900575DBF /* Debug */,
				7C0FBF5E1EEFAAA900575DBF /* Release */,
			);
			defaultConfigurationIsVisible = 0;
			defaultConfigurationName = Release;
		};
		7C0FBF5F1EEFAAA900575DBF /* Build configuration list for PBXNativeTarget "PhotoUploadVideoApp" */ = {
			isa = XCConfigurationList;
			buildConfigurations = (
				7C0FBF601EEFAAA900575DBF /* Debug */,
				7C0FBF611EEFAAA900575DBF /* Release */,
			);
			defaultConfigurationIsVisible = 0;
		};
/* End XCConfigurationList section */
	};
	rootObject = 7C0FBF451EEFAAA900575DBF /* Project object */;
}
